{
  "name": "adventofcode",
  "version": "1.0.0",
  "lockfileVersion": 1,
  "requires": true,
  "dependencies": {
    "@types/node": {
      "version": "16.11.11",
      "resolved": "https://artifactory.cc.azd.cloud.allianz:443/artifactory/api/npm/npm-all/@types/node/-/node-16.11.11.tgz",
      "integrity": "sha1-bqc0Lfs3nqEhCDW62oezxRISAjQ=",
      "dev": true
    }
  }
}
